
Microsoft Visual Studio Solution File, Format Version 12.00
# Visual Studio Version 17
VisualStudioVersion = 17.7.34202.233
MinimumVisualStudioVersion = 10.0.40219.1
Project("{9A19103F-16F7-4668-BE54-9A1E7A4F7556}") = "CompanyEmployees", "CompanyEmployees\CompanyEmployees.csproj", "{13969569-AA41-4090-A0C4-587C74B157BF}"
EndProject
Project("{FAE04EC0-301F-11D3-BF4B-00C04F79EFBC}") = "Contracts", "Contracts\Contracts.csproj", "{9889BDBC-A54C-4363-AAC1-A0D3A89F9D6B}"
EndProject
Project("{FAE04EC0-301F-11D3-BF4B-00C04F79EFBC}") = "LoggerService", "LoggerService\LoggerService.csproj", "{8268C906-E155-4012-B9F3-ECC0B89017BF}"
EndProject
Global
	GlobalSection(SolutionConfigurationPlatforms) = preSolution
		Debug|Any CPU = Debug|Any CPU
		Release|Any CPU = Release|Any CPU
	EndGlobalSection
	GlobalSection(ProjectConfigurationPlatforms) = postSolution
		{13969569-AA41-4090-A0C4-587C74B157BF}.Debug|Any CPU.ActiveCfg = Debug|Any CPU
		{13969569-AA41-4090-A0C4-587C74B157BF}.Debug|Any CPU.Build.0 = Debug|Any CPU
		{13969569-AA41-4090-A0C4-587C74B157BF}.Release|Any CPU.ActiveCfg = Release|Any CPU
		{13969569-AA41-4090-A0C4-587C74B157BF}.Release|Any CPU.Build.0 = Release|Any CPU
		{9889BDBC-A54C-4363-AAC1-A0D3A89F9D6B}.Debug|Any CPU.ActiveCfg = Debug|Any CPU
		{9889BDBC-A54C-4363-AAC1-A0D3A89F9D6B}.Debug|Any CPU.Build.0 = Debug|Any CPU
		{9889BDBC-A54C-4363-AAC1-A0D3A89F9D6B}.Release|Any CPU.ActiveCfg = Release|Any CPU
		{9889BDBC-A54C-4363-AAC1-A0D3A89F9D6B}.Release|Any CPU.Build.0 = Release|Any CPU
		{8268C906-E155-4012-B9F3-ECC0B89017BF}.Debug|Any CPU.ActiveCfg = Debug|Any CPU
		{8268C906-E155-4012-B9F3-ECC0B89017BF}.Debug|Any CPU.Build.0 = Debug|Any CPU
		{8268C906-E155-4012-B9F3-ECC0B89017BF}.Release|Any CPU.ActiveCfg = Release|Any CPU
		{8268C906-E155-4012-B9F3-ECC0B89017BF}.Release|Any CPU.Build.0 = Release|Any CPU
	EndGlobalSection
	GlobalSection(SolutionProperties) = preSolution
		HideSolutionNode = FALSE
	EndGlobalSection
	GlobalSection(ExtensibilityGlobals) = postSolution
		SolutionGuid = {E3449D3D-8DA9-43AB-AC0D-6D47C56869FF}
	EndGlobalSection
EndGlobal
